Microsoft Visual Studio Solution File, Format Version 12.00
# Visual Studio 15
VisualStudioVersion = 15.0.27703.2042
MinimumVisualStudioVersion = 10.0.40219.1
Project("{F184B08F-C81C-45F6-A57F-5ABD9991F28F}") = "DialogServiceExample", "DialogServiceExample\DialogServiceExample.vbproj", "{C7A7353F-82F9-4F87-B351-EC9557E3A41C}"
EndProject
Global
	GlobalSection(SolutionConfigurationPlatforms) = preSolution
		Debug|Any CPU = Debug|Any CPU
		Release|Any CPU = Release|Any CPU
	EndGlobalSection
	GlobalSection(ProjectConfigurationPlatforms) = postSolution
		{C7A7353F-82F9-4F87-B351-EC9557E3A41C}.Debug|Any CPU.ActiveCfg = Debug|Any CPU
		{C7A7353F-82F9-4F87-B351-EC9557E3A41C}.Debug|Any CPU.Build.0 = Debug|Any CPU
		{C7A7353F-82F9-4F87-B351-EC9557E3A41C}.Release|Any CPU.ActiveCfg = Release|Any CPU
		{C7A7353F-82F9-4F87-B351-EC9557E3A41C}.Release|Any CPU.Build.0 = Release|Any CPU
	EndGlobalSection
	GlobalSection(SolutionProperties) = preSolution
		HideSolutionNode = FALSE
	EndGlobalSection
	GlobalSection(ExtensibilityGlobals) = postSolution
		SolutionGuid = {D22A4D65-EDBB-46D3-80E7-140A0B049D23}
	EndGlobalSection
EndGlobal
